# This file is generated by running "yarn install" inside your project.
# Manual changes might be lost - proceed with caution!

__metadata:
  version: 8
  cacheKey: 10c0

"@babel/runtime@npm:^7.21.0":
  version: 7.23.9
  resolution: "@babel/runtime@npm:7.23.9"
  dependencies:
    regenerator-runtime: "npm:^0.14.0"
  checksum: 10c0/e71205fdd7082b2656512cc98e647d9ea7e222e4fe5c36e9e5adc026446fcc3ba7b3cdff8b0b694a0b78bb85db83e7b1e3d4c56ef90726682b74f13249cf952d
  languageName: node
  linkType: hard

"@nodelib/fs.scandir@npm:2.1.5":
  version: 2.1.5
  resolution: "@nodelib/fs.scandir@npm:2.1.5"
  dependencies:
    "@nodelib/fs.stat": "npm:2.0.5"
    run-parallel: "npm:^1.1.9"
  checksum: 10c0/732c3b6d1b1e967440e65f284bd06e5821fedf10a1bea9ed2bb75956ea1f30e08c44d3def9d6a230666574edbaf136f8cfd319c14fd1f87c66e6a44449afb2eb
  languageName: node
  linkType: hard

"@nodelib/fs.stat@npm:2.0.5, @nodelib/fs.stat@npm:^2.0.2":
  version: 2.0.5
  resolution: "@nodelib/fs.stat@npm:2.0.5"
  checksum: 10c0/88dafe5e3e29a388b07264680dc996c17f4bda48d163a9d4f5c1112979f0ce8ec72aa7116122c350b4e7976bc5566dc3ddb579be1ceaacc727872eb4ed93926d
  languageName: node
  linkType: hard

"@nodelib/fs.walk@npm:^1.2.3":
  version: 1.2.8
  resolution: "@nodelib/fs.walk@npm:1.2.8"
  dependencies:
    "@nodelib/fs.scandir": "npm:2.1.5"
    fastq: "npm:^1.6.0"
  checksum: 10c0/db9de047c3bb9b51f9335a7bb46f4fcfb6829fb628318c12115fbaf7d369bfce71c15b103d1fc3b464812d936220ee9bc1c8f762d032c9f6be9acc99249095b1
  languageName: node
  linkType: hard

"@ts-morph/common@npm:~0.22.0":
  version: 0.22.0
  resolution: "@ts-morph/common@npm:0.22.0"
  dependencies:
    fast-glob: "npm:^3.3.2"
    minimatch: "npm:^9.0.3"
    mkdirp: "npm:^3.0.1"
    path-browserify: "npm:^1.0.1"
  checksum: 10c0/1f1ff7fee54414e09803b1ba559ff51881b821c19bc97cb19d06fc46c58957dea4a58e6a83e9f2e30e08c8179d6d142e45be329d9242f410323795b5c1e04806
  languageName: node
  linkType: hard

"@types/domhandler@npm:^2.4.0, @types/domhandler@npm:^2.4.3":
  version: 2.4.5
  resolution: "@types/domhandler@npm:2.4.5"
  checksum: 10c0/3cc421190153dd9d92a785bbec36aeff7ce6c570eb386ba74f23adc52385279354e0ef32d7aa3eb850e7b4f28c58659d29b15bfeb4fd8ae9b8c1ad300597b4d8
  languageName: node
  linkType: hard

"@types/domutils@npm:*":
  version: 1.7.8
  resolution: "@types/domutils@npm:1.7.8"
  dependencies:
    "@types/domhandler": "npm:^2.4.0"
  checksum: 10c0/8f0144e3509730f0ebe46e5a30441b744395cdcbf5c05f4c621cc72ec62dc6e812e7dafe7b2529e17ab19a016fd2589fbffe8cd9da660e5586517c1b24709d2b
  languageName: node
  linkType: hard

"@types/fb-watchman@npm:^2":
  version: 2.0.4
  resolution: "@types/fb-watchman@npm:2.0.4"
  dependencies:
    "@types/node": "npm:*"
  checksum: 10c0/fae6436a054401330ca30ec4b04e593a02f97723932d10d49020444e7545eccf80260ff79e09dbb75b75581ec2fd764146354c7b708e4552f3a857c3997429e9
  languageName: node
  linkType: hard

"@types/htmlparser2@npm:^3.10.7":
  version: 3.10.7
  resolution: "@types/htmlparser2@npm:3.10.7"
  dependencies:
    "@types/domhandler": "npm:^2.4.3"
    "@types/domutils": "npm:*"
    "@types/node": "npm:*"
    domhandler: "npm:^2.4.0"
  checksum: 10c0/6b951abb090f65ff457140582ed6f0aa404b378d3138e35b0d8b7be3bf8051dbdcf244583f707950e310d89f8afe67f7cf191a5f066f627fc5c46591980b9ef7
  languageName: node
  linkType: hard

"@types/jsdom@npm:^21.1.6":
  version: 21.1.6
  resolution: "@types/jsdom@npm:21.1.6"
  dependencies:
    "@types/node": "npm:*"
    "@types/tough-cookie": "npm:*"
    parse5: "npm:^7.0.0"
  checksum: 10c0/6ae8f84c6e7b8e1c303b8bc271bc51ad21399bbfec93fdc3b168af8aa9cafb41ebb00eed99753fbb1943e4fc5006aa39e34251dee4d116d55f731cebc0f02e64
  languageName: node
  linkType: hard

"@types/node@npm:*":
  version: 20.11.19
  resolution: "@types/node@npm:20.11.19"
  dependencies:
    undici-types: "npm:~5.26.4"
  checksum: 10c0/f451ef0a1d78f29c57bad7b77e49ebec945f2a6d0d7a89851d7e185ee9fe7ad94d651c0dfbcb7858c9fa791310c8b40a881e2260f56bd3c1b7e7ae92723373ae
  languageName: node
  linkType: hard

"@types/tough-cookie@npm:*":
  version: 4.0.5
  resolution: "@types/tough-cookie@npm:4.0.5"
  checksum: 10c0/68c6921721a3dcb40451543db2174a145ef915bc8bcbe7ad4e59194a0238e776e782b896c7a59f4b93ac6acefca9161fccb31d1ce3b3445cb6faa467297fb473
  languageName: node
  linkType: hard

"acorn-walk@npm:^8.3.2":
  version: 8.3.2
  resolution: "acorn-walk@npm:8.3.2"
  checksum: 10c0/7e2a8dad5480df7f872569b9dccff2f3da7e65f5353686b1d6032ab9f4ddf6e3a2cb83a9b52cf50b1497fd522154dda92f0abf7153290cc79cd14721ff121e52
  languageName: node
  linkType: hard

"acorn@npm:^8.11.3":
  version: 8.11.3
  resolution: "acorn@npm:8.11.3"
  bin:
    acorn: bin/acorn
  checksum: 10c0/3ff155f8812e4a746fee8ecff1f227d527c4c45655bb1fad6347c3cb58e46190598217551b1500f18542d2bbe5c87120cb6927f5a074a59166fbdd9468f0a299
  languageName: node
  linkType: hard

"agent-base@npm:^7.0.2, agent-base@npm:^7.1.0":
  version: 7.1.0
  resolution: "agent-base@npm:7.1.0"
  dependencies:
    debug: "npm:^4.3.4"
  checksum: 10c0/fc974ab57ffdd8421a2bc339644d312a9cca320c20c3393c9d8b1fd91731b9bbabdb985df5fc860f5b79d81c3e350daa3fcb31c5c07c0bb385aafc817df004ce
  languageName: node
  linkType: hard

"ansi-regex@npm:^5.0.1":
  version: 5.0.1
  resolution: "ansi-regex@npm:5.0.1"
  checksum: 10c0/9a64bb8627b434ba9327b60c027742e5d17ac69277960d041898596271d992d4d52ba7267a63ca10232e29f6107fc8a835f6ce8d719b88c5f8493f8254813737
  languageName: node
  linkType: hard

"ansi-styles@npm:^4.0.0, ansi-styles@npm:^4.1.0":
  version: 4.3.0
  resolution: "ansi-styles@npm:4.3.0"
  dependencies:
    color-convert: "npm:^2.0.1"
  checksum: 10c0/895a23929da416f2bd3de7e9cb4eabd340949328ab85ddd6e484a637d8f6820d485f53933446f5291c3b760cbc488beb8e88573dd0f9c7daf83dccc8fe81b041
  languageName: node
  linkType: hard

"asynckit@npm:^0.4.0":
  version: 0.4.0
  resolution: "asynckit@npm:0.4.0"
  checksum: 10c0/d73e2ddf20c4eb9337e1b3df1a0f6159481050a5de457c55b14ea2e5cb6d90bb69e004c9af54737a5ee0917fcf2c9e25de67777bbe58261847846066ba75bc9d
  languageName: node
  linkType: hard

"balanced-match@npm:^1.0.0":
  version: 1.0.2
  resolution: "balanced-match@npm:1.0.2"
  checksum: 10c0/9308baf0a7e4838a82bbfd11e01b1cb0f0cf2893bc1676c27c2a8c0e70cbae1c59120c3268517a8ae7fb6376b4639ef81ca22582611dbee4ed28df945134aaee
  languageName: node
  linkType: hard

"brace-expansion@npm:^2.0.1":
  version: 2.0.1
  resolution: "brace-expansion@npm:2.0.1"
  dependencies:
    balanced-match: "npm:^1.0.0"
  checksum: 10c0/b358f2fe060e2d7a87aa015979ecea07f3c37d4018f8d6deb5bd4c229ad3a0384fe6029bb76cd8be63c81e516ee52d1a0673edbe2023d53a5191732ae3c3e49f
  languageName: node
  linkType: hard

"braces@npm:^3.0.2":
  version: 3.0.2
  resolution: "braces@npm:3.0.2"
  dependencies:
    fill-range: "npm:^7.0.1"
  checksum: 10c0/321b4d675791479293264019156ca322163f02dc06e3c4cab33bb15cd43d80b51efef69b0930cfde3acd63d126ebca24cd0544fa6f261e093a0fb41ab9dda381
  languageName: node
  linkType: hard

"bser@npm:2.1.1":
  version: 2.1.1
  resolution: "bser@npm:2.1.1"
  dependencies:
    node-int64: "npm:^0.4.0"
  checksum: 10c0/24d8dfb7b6d457d73f32744e678a60cc553e4ec0e9e1a01cf614b44d85c3c87e188d3cc78ef0442ce5032ee6818de20a0162ba1074725c0d08908f62ea979227
  languageName: node
  linkType: hard

"chalk@npm:^4.1.2":
  version: 4.1.2
  resolution: "chalk@npm:4.1.2"
  dependencies:
    ansi-styles: "npm:^4.1.0"
    supports-color: "npm:^7.1.0"
  checksum: 10c0/4a3fef5cc34975c898ffe77141450f679721df9dde00f6c304353fa9c8b571929123b26a0e4617bde5018977eb655b31970c297b91b63ee83bb82aeb04666880
  languageName: node
  linkType: hard

"cliui@npm:^8.0.1":
  version: 8.0.1
  resolution: "cliui@npm:8.0.1"
  dependencies:
    string-width: "npm:^4.2.0"
    strip-ansi: "npm:^6.0.1"
    wrap-ansi: "npm:^7.0.0"
  checksum: 10c0/4bda0f09c340cbb6dfdc1ed508b3ca080f12992c18d68c6be4d9cf51756033d5266e61ec57529e610dacbf4da1c634423b0c1b11037709cc6b09045cbd815df5
  languageName: node
  linkType: hard

"code-block-writer@npm:^12.0.0":
  version: 12.0.0
  resolution: "code-block-writer@npm:12.0.0"
  checksum: 10c0/ced73cdc466bff968bba9e8e32340d88420d25a229b9269f7425a10a7c2c9a12ca702dcb601b2462b96472d354f021cf66e552179fcbe30c8f7ecd0173c5fa07
  languageName: node
  linkType: hard

"color-convert@npm:^2.0.1":
  version: 2.0.1
  resolution: "color-convert@npm:2.0.1"
  dependencies:
    color-name: "npm:~1.1.4"
  checksum: 10c0/37e1150172f2e311fe1b2df62c6293a342ee7380da7b9cfdba67ea539909afbd74da27033208d01d6d5cfc65ee7868a22e18d7e7648e004425441c0f8a15a7d7
  languageName: node
  linkType: hard

"color-name@npm:~1.1.4":
  version: 1.1.4
  resolution: "color-name@npm:1.1.4"
  checksum: 10c0/a1a3f914156960902f46f7f56bc62effc6c94e84b2cae157a526b1c1f74b677a47ec602bf68a61abfa2b42d15b7c5651c6dbe72a43af720bc588dff885b10f95
  languageName: node
  linkType: hard

"combined-stream@npm:^1.0.8":
  version: 1.0.8
  resolution: "combined-stream@npm:1.0.8"
  dependencies:
    delayed-stream: "npm:~1.0.0"
  checksum: 10c0/0dbb829577e1b1e839fa82b40c07ffaf7de8a09b935cadd355a73652ae70a88b4320db322f6634a4ad93424292fa80973ac6480986247f1734a1137debf271d5
  languageName: node
  linkType: hard

"concurrently@npm:^8.2.2":
  version: 8.2.2
  resolution: "concurrently@npm:8.2.2"
  dependencies:
    chalk: "npm:^4.1.2"
    date-fns: "npm:^2.30.0"
    lodash: "npm:^4.17.21"
    rxjs: "npm:^7.8.1"
    shell-quote: "npm:^1.8.1"
    spawn-command: "npm:0.0.2"
    supports-color: "npm:^8.1.1"
    tree-kill: "npm:^1.2.2"
    yargs: "npm:^17.7.2"
  bin:
    conc: dist/bin/concurrently.js
    concurrently: dist/bin/concurrently.js
  checksum: 10c0/0e9683196fe9c071d944345d21d8f34aa6c0cc50c0dd897e95619f2f1c9eb4871dca851b2569da17888235b7335b4c821ca19deed35bebcd9a131ee5d247f34c
  languageName: node
  linkType: hard

"cssstyle@npm:^4.0.1":
  version: 4.0.1
  resolution: "cssstyle@npm:4.0.1"
  dependencies:
    rrweb-cssom: "npm:^0.6.0"
  checksum: 10c0/cadf9a8b23e11f4c6d63f21291096a0b0be868bd4ab9c799daa2c5b18330e39e5281605f01da906e901b42f742df0f3b3645af6465e83377ff7d15a88ee432a0
  languageName: node
  linkType: hard

"data-urls@npm:^5.0.0":
  version: 5.0.0
  resolution: "data-urls@npm:5.0.0"
  dependencies:
    whatwg-mimetype: "npm:^4.0.0"
    whatwg-url: "npm:^14.0.0"
  checksum: 10c0/1b894d7d41c861f3a4ed2ae9b1c3f0909d4575ada02e36d3d3bc584bdd84278e20709070c79c3b3bff7ac98598cb191eb3e86a89a79ea4ee1ef360e1694f92ad
  languageName: node
  linkType: hard

"date-fns@npm:^2.30.0":
  version: 2.30.0
  resolution: "date-fns@npm:2.30.0"
  dependencies:
    "@babel/runtime": "npm:^7.21.0"
  checksum: 10c0/e4b521fbf22bc8c3db332bbfb7b094fd3e7627de0259a9d17c7551e2d2702608a7307a449206065916538e384f37b181565447ce2637ae09828427aed9cb5581
  languageName: node
  linkType: hard

"debug@npm:4, debug@npm:^4.3.4":
  version: 4.3.4
  resolution: "debug@npm:4.3.4"
  dependencies:
    ms: "npm:2.1.2"
  peerDependenciesMeta:
    supports-color:
      optional: true
  checksum: 10c0/cedbec45298dd5c501d01b92b119cd3faebe5438c3917ff11ae1bff86a6c722930ac9c8659792824013168ba6db7c4668225d845c633fbdafbbf902a6389f736
  languageName: node
  linkType: hard

"decimal.js@npm:^10.4.3":
  version: 10.4.3
  resolution: "decimal.js@npm:10.4.3"
  checksum: 10c0/6d60206689ff0911f0ce968d40f163304a6c1bc739927758e6efc7921cfa630130388966f16bf6ef6b838cb33679fbe8e7a78a2f3c478afce841fd55ac8fb8ee
  languageName: node
  linkType: hard

"delayed-stream@npm:~1.0.0":
  version: 1.0.0
  resolution: "delayed-stream@npm:1.0.0"
  checksum: 10c0/d758899da03392e6712f042bec80aa293bbe9e9ff1b2634baae6a360113e708b91326594c8a486d475c69d6259afb7efacdc3537bfcda1c6c648e390ce601b19
  languageName: node
  linkType: hard

"dom-serializer@npm:^2.0.0":
  version: 2.0.0
  resolution: "dom-serializer@npm:2.0.0"
  dependencies:
    domelementtype: "npm:^2.3.0"
    domhandler: "npm:^5.0.2"
    entities: "npm:^4.2.0"
  checksum: 10c0/d5ae2b7110ca3746b3643d3ef60ef823f5f078667baf530cec096433f1627ec4b6fa8c072f09d079d7cda915fd2c7bc1b7b935681e9b09e591e1e15f4040b8e2
  languageName: node
  linkType: hard

"domelementtype@npm:1":
  version: 1.3.1
  resolution: "domelementtype@npm:1.3.1"
  checksum: 10c0/6d4f5761060a21eaf3c96545501e9d188745c7e1c31b8d141bf15d8748feeadba868f4ea32877751b8678b286fb1afbe6ae905ca3fb8f0214d8322e482cdbec0
  languageName: node
  linkType: hard

"domelementtype@npm:^2.3.0":
  version: 2.3.0
  resolution: "domelementtype@npm:2.3.0"
  checksum: 10c0/686f5a9ef0fff078c1412c05db73a0dce096190036f33e400a07e2a4518e9f56b1e324f5c576a0a747ef0e75b5d985c040b0d51945ce780c0dd3c625a18cd8c9
  languageName: node
  linkType: hard

"domhandler@npm:^2.4.0":
  version: 2.4.2
  resolution: "domhandler@npm:2.4.2"
  dependencies:
    domelementtype: "npm:1"
  checksum: 10c0/6670cab73e97e3c6771dcf22b537db3f6a0be0ad6b370f03bb5f1b585d3b563d326787fdabe1190b7ca9d81c804e9b3f8a1431159c27c44f6c05f94afa92be2d
  languageName: node
  linkType: hard

"domhandler@npm:^5.0.2, domhandler@npm:^5.0.3":
  version: 5.0.3
  resolution: "domhandler@npm:5.0.3"
  dependencies:
    domelementtype: "npm:^2.3.0"
  checksum: 10c0/bba1e5932b3e196ad6862286d76adc89a0dbf0c773e5ced1eb01f9af930c50093a084eff14b8de5ea60b895c56a04d5de8bbc4930c5543d029091916770b2d2a
  languageName: node
  linkType: hard

"domutils@npm:^3.1.0":
  version: 3.1.0
  resolution: "domutils@npm:3.1.0"
  dependencies:
    dom-serializer: "npm:^2.0.0"
    domelementtype: "npm:^2.3.0"
    domhandler: "npm:^5.0.3"
  checksum: 10c0/342d64cf4d07b8a0573fb51e0a6312a88fb520c7fefd751870bf72fa5fc0f2e0cb9a3958a573610b1d608c6e2a69b8e9b4b40f0bfb8f87a71bce4f180cca1887
  languageName: node
  linkType: hard

"dotenv@npm:^16.4.4":
  version: 16.4.4
  resolution: "dotenv@npm:16.4.4"
  checksum: 10c0/f66ad105144c9106a868c8e244ace6097a0318f63284894e6c7b298c7e096911958837117d936d3c341db550e2fcb21a7a5ad396437638f605460e82b1dd30ee
  languageName: node
  linkType: hard

"emoji-regex@npm:^8.0.0":
  version: 8.0.0
  resolution: "emoji-regex@npm:8.0.0"
  checksum: 10c0/b6053ad39951c4cf338f9092d7bfba448cdfd46fe6a2a034700b149ac9ffbc137e361cbd3c442297f86bed2e5f7576c1b54cc0a6bf8ef5106cc62f496af35010
  languageName: node
  linkType: hard

"entities@npm:^4.2.0, entities@npm:^4.4.0, entities@npm:^4.5.0":
  version: 4.5.0
  resolution: "entities@npm:4.5.0"
  checksum: 10c0/5b039739f7621f5d1ad996715e53d964035f75ad3b9a4d38c6b3804bb226e282ffeae2443624d8fdd9c47d8e926ae9ac009c54671243f0c3294c26af7cc85250
  languageName: node
  linkType: hard

"escalade@npm:^3.1.1":
  version: 3.1.2
  resolution: "escalade@npm:3.1.2"
  checksum: 10c0/6b4adafecd0682f3aa1cd1106b8fff30e492c7015b178bc81b2d2f75106dabea6c6d6e8508fc491bd58e597c74abb0e8e2368f943ecb9393d4162e3c2f3cf287
  languageName: node
  linkType: hard

"fast-glob@npm:^3.3.2":
  version: 3.3.2
  resolution: "fast-glob@npm:3.3.2"
  dependencies:
    "@nodelib/fs.stat": "npm:^2.0.2"
    "@nodelib/fs.walk": "npm:^1.2.3"
    glob-parent: "npm:^5.1.2"
    merge2: "npm:^1.3.0"
    micromatch: "npm:^4.0.4"
  checksum: 10c0/42baad7b9cd40b63e42039132bde27ca2cb3a4950d0a0f9abe4639ea1aa9d3e3b40f98b1fe31cbc0cc17b664c9ea7447d911a152fa34ec5b72977b125a6fc845
  languageName: node
  linkType: hard

"fastq@npm:^1.6.0":
  version: 1.17.1
  resolution: "fastq@npm:1.17.1"
  dependencies:
    reusify: "npm:^1.0.4"
  checksum: 10c0/1095f16cea45fb3beff558bb3afa74ca7a9250f5a670b65db7ed585f92b4b48381445cd328b3d87323da81e43232b5d5978a8201bde84e0cd514310f1ea6da34
  languageName: node
  linkType: hard

"fb-watchman@npm:^2.0.2":
  version: 2.0.2
  resolution: "fb-watchman@npm:2.0.2"
  dependencies:
    bser: "npm:2.1.1"
  checksum: 10c0/feae89ac148adb8f6ae8ccd87632e62b13563e6fb114cacb5265c51f585b17e2e268084519fb2edd133872f1d47a18e6bfd7e5e08625c0d41b93149694187581
  languageName: node
  linkType: hard

"fill-range@npm:^7.0.1":
  version: 7.0.1
  resolution: "fill-range@npm:7.0.1"
  dependencies:
    to-regex-range: "npm:^5.0.1"
  checksum: 10c0/7cdad7d426ffbaadf45aeb5d15ec675bbd77f7597ad5399e3d2766987ed20bda24d5fac64b3ee79d93276f5865608bb22344a26b9b1ae6c4d00bd94bf611623f
  languageName: node
  linkType: hard

"form-data@npm:^4.0.0":
  version: 4.0.0
  resolution: "form-data@npm:4.0.0"
  dependencies:
    asynckit: "npm:^0.4.0"
    combined-stream: "npm:^1.0.8"
    mime-types: "npm:^2.1.12"
  checksum: 10c0/cb6f3ac49180be03ff07ba3ff125f9eba2ff0b277fb33c7fc47569fc5e616882c5b1c69b9904c4c4187e97dd0419dd03b134174756f296dec62041e6527e2c6e
  languageName: node
  linkType: hard

"generator@workspace:.":
  version: 0.0.0-use.local
  resolution: "generator@workspace:."
  dependencies:
    "@types/fb-watchman": "npm:^2"
    "@types/htmlparser2": "npm:^3.10.7"
    "@types/jsdom": "npm:^21.1.6"
    acorn: "npm:^8.11.3"
    acorn-walk: "npm:^8.3.2"
    concurrently: "npm:^8.2.2"
    dotenv: "npm:^16.4.4"
    fb-watchman: "npm:^2.0.2"
    htmlparser2: "npm:^9.1.0"
    jsdom: "npm:^24.0.0"
    ts-morph: "npm:^21.0.1"
    typescript: "npm:^5.3.3"
  languageName: unknown
  linkType: soft

"get-caller-file@npm:^2.0.5":
  version: 2.0.5
  resolution: "get-caller-file@npm:2.0.5"
  checksum: 10c0/c6c7b60271931fa752aeb92f2b47e355eac1af3a2673f47c9589e8f8a41adc74d45551c1bc57b5e66a80609f10ffb72b6f575e4370d61cc3f7f3aaff01757cde
  languageName: node
  linkType: hard

"glob-parent@npm:^5.1.2":
  version: 5.1.2
  resolution: "glob-parent@npm:5.1.2"
  dependencies:
    is-glob: "npm:^4.0.1"
  checksum: 10c0/cab87638e2112bee3f839ef5f6e0765057163d39c66be8ec1602f3823da4692297ad4e972de876ea17c44d652978638d2fd583c6713d0eb6591706825020c9ee
  languageName: node
  linkType: hard

"has-flag@npm:^4.0.0":
  version: 4.0.0
  resolution: "has-flag@npm:4.0.0"
  checksum: 10c0/2e789c61b7888d66993e14e8331449e525ef42aac53c627cc53d1c3334e768bcb6abdc4f5f0de1478a25beec6f0bd62c7549058b7ac53e924040d4f301f02fd1
  languageName: node
  linkType: hard

"html-encoding-sniffer@npm:^4.0.0":
  version: 4.0.0
  resolution: "html-encoding-sniffer@npm:4.0.0"
  dependencies:
    whatwg-encoding: "npm:^3.1.1"
  checksum: 10c0/523398055dc61ac9b34718a719cb4aa691e4166f29187e211e1607de63dc25ac7af52ca7c9aead0c4b3c0415ffecb17326396e1202e2e86ff4bca4c0ee4c6140
  languageName: node
  linkType: hard

"htmlparser2@npm:^9.1.0":
  version: 9.1.0
  resolution: "htmlparser2@npm:9.1.0"
  dependencies:
    domelementtype: "npm:^2.3.0"
    domhandler: "npm:^5.0.3"
    domutils: "npm:^3.1.0"
    entities: "npm:^4.5.0"
  checksum: 10c0/394f6323efc265bbc791d8c0d96bfe95984e0407565248521ab92e2dc7668e5ceeca7bc6ed18d408b9ee3b25032c5743368a4280d280332d782821d5d467ad8f
  languageName: node
  linkType: hard

"http-proxy-agent@npm:^7.0.0":
  version: 7.0.2
  resolution: "http-proxy-agent@npm:7.0.2"
  dependencies:
    agent-base: "npm:^7.1.0"
    debug: "npm:^4.3.4"
  checksum: 10c0/4207b06a4580fb85dd6dff521f0abf6db517489e70863dca1a0291daa7f2d3d2d6015a57bd702af068ea5cf9f1f6ff72314f5f5b4228d299c0904135d2aef921
  languageName: node
  linkType: hard

"https-proxy-agent@npm:^7.0.2":
  version: 7.0.4
  resolution: "https-proxy-agent@npm:7.0.4"
  dependencies:
    agent-base: "npm:^7.0.2"
    debug: "npm:4"
  checksum: 10c0/bc4f7c38da32a5fc622450b6cb49a24ff596f9bd48dcedb52d2da3fa1c1a80e100fb506bd59b326c012f21c863c69b275c23de1a01d0b84db396822fdf25e52b
  languageName: node
  linkType: hard

"iconv-lite@npm:0.6.3":
  version: 0.6.3
  resolution: "iconv-lite@npm:0.6.3"
  dependencies:
    safer-buffer: "npm:>= 2.1.2 < 3.0.0"
  checksum: 10c0/98102bc66b33fcf5ac044099d1257ba0b7ad5e3ccd3221f34dd508ab4070edff183276221684e1e0555b145fce0850c9f7d2b60a9fcac50fbb4ea0d6e845a3b1
  languageName: node
  linkType: hard

"is-extglob@npm:^2.1.1":
  version: 2.1.1
  resolution: "is-extglob@npm:2.1.1"
  checksum: 10c0/5487da35691fbc339700bbb2730430b07777a3c21b9ebaecb3072512dfd7b4ba78ac2381a87e8d78d20ea08affb3f1971b4af629173a6bf435ff8a4c47747912
  languageName: node
  linkType: hard

"is-fullwidth-code-point@npm:^3.0.0":
  version: 3.0.0
  resolution: "is-fullwidth-code-point@npm:3.0.0"
  checksum: 10c0/bb11d825e049f38e04c06373a8d72782eee0205bda9d908cc550ccb3c59b99d750ff9537982e01733c1c94a58e35400661f57042158ff5e8f3e90cf936daf0fc
  languageName: node
  linkType: hard

"is-glob@npm:^4.0.1":
  version: 4.0.3
  resolution: "is-glob@npm:4.0.3"
  dependencies:
    is-extglob: "npm:^2.1.1"
  checksum: 10c0/17fb4014e22be3bbecea9b2e3a76e9e34ff645466be702f1693e8f1ee1adac84710d0be0bd9f967d6354036fd51ab7c2741d954d6e91dae6bb69714de92c197a
  languageName: node
  linkType: hard

"is-number@npm:^7.0.0":
  version: 7.0.0
  resolution: "is-number@npm:7.0.0"
  checksum: 10c0/b4686d0d3053146095ccd45346461bc8e53b80aeb7671cc52a4de02dbbf7dc0d1d2a986e2fe4ae206984b4d34ef37e8b795ebc4f4295c978373e6575e295d811
  languageName: node
  linkType: hard

"is-potential-custom-element-name@npm:^1.0.1":
  version: 1.0.1
  resolution: "is-potential-custom-element-name@npm:1.0.1"
  checksum: 10c0/b73e2f22bc863b0939941d369486d308b43d7aef1f9439705e3582bfccaa4516406865e32c968a35f97a99396dac84e2624e67b0a16b0a15086a785e16ce7db9
  languageName: node
  linkType: hard

"jsdom@npm:^24.0.0":
  version: 24.0.0
  resolution: "jsdom@npm:24.0.0"
  dependencies:
    cssstyle: "npm:^4.0.1"
    data-urls: "npm:^5.0.0"
    decimal.js: "npm:^10.4.3"
    form-data: "npm:^4.0.0"
    html-encoding-sniffer: "npm:^4.0.0"
    http-proxy-agent: "npm:^7.0.0"
    https-proxy-agent: "npm:^7.0.2"
    is-potential-custom-element-name: "npm:^1.0.1"
    nwsapi: "npm:^2.2.7"
    parse5: "npm:^7.1.2"
    rrweb-cssom: "npm:^0.6.0"
    saxes: "npm:^6.0.0"
    symbol-tree: "npm:^3.2.4"
    tough-cookie: "npm:^4.1.3"
    w3c-xmlserializer: "npm:^5.0.0"
    webidl-conversions: "npm:^7.0.0"
    whatwg-encoding: "npm:^3.1.1"
    whatwg-mimetype: "npm:^4.0.0"
    whatwg-url: "npm:^14.0.0"
    ws: "npm:^8.16.0"
    xml-name-validator: "npm:^5.0.0"
  peerDependencies:
    canvas: ^2.11.2
  peerDependenciesMeta:
    canvas:
      optional: true
  checksum: 10c0/7b35043d7af39ad6dcaef0fa5679d8c8a94c6c9b6cc4a79222b7c9987d57ab7150c50856684ae56b473ab28c7d82aec0fb7ca19dcbd4c3f46683c807d717a3af
  languageName: node
  linkType: hard

"lodash@npm:^4.17.21":
  version: 4.17.21
  resolution: "lodash@npm:4.17.21"
  checksum: 10c0/d8cbea072bb08655bb4c989da418994b073a608dffa608b09ac04b43a791b12aeae7cd7ad919aa4c925f33b48490b5cfe6c1f71d827956071dae2e7bb3a6b74c
  languageName: node
  linkType: hard

"merge2@npm:^1.3.0":
  version: 1.4.1
  resolution: "merge2@npm:1.4.1"
  checksum: 10c0/254a8a4605b58f450308fc474c82ac9a094848081bf4c06778200207820e5193726dc563a0d2c16468810516a5c97d9d3ea0ca6585d23c58ccfff2403e8dbbeb
  languageName: node
  linkType: hard

"micromatch@npm:^4.0.4":
  version: 4.0.5
  resolution: "micromatch@npm:4.0.5"
  dependencies:
    braces: "npm:^3.0.2"
    picomatch: "npm:^2.3.1"
  checksum: 10c0/3d6505b20f9fa804af5d8c596cb1c5e475b9b0cd05f652c5b56141cf941bd72adaeb7a436fda344235cef93a7f29b7472efc779fcdb83b478eab0867b95cdeff
  languageName: node
  linkType: hard

"mime-db@npm:1.52.0":
  version: 1.52.0
  resolution: "mime-db@npm:1.52.0"
  checksum: 10c0/0557a01deebf45ac5f5777fe7740b2a5c309c6d62d40ceab4e23da9f821899ce7a900b7ac8157d4548ddbb7beffe9abc621250e6d182b0397ec7f10c7b91a5aa
  languageName: node
  linkType: hard

"mime-types@npm:^2.1.12":
  version: 2.1.35
  resolution: "mime-types@npm:2.1.35"
  dependencies:
    mime-db: "npm:1.52.0"
  checksum: 10c0/82fb07ec56d8ff1fc999a84f2f217aa46cb6ed1033fefaabd5785b9a974ed225c90dc72fff460259e66b95b73648596dbcc50d51ed69cdf464af2d237d3149b2
  languageName: node
  linkType: hard

"minimatch@npm:^9.0.3":
  version: 9.0.3
  resolution: "minimatch@npm:9.0.3"
  dependencies:
    brace-expansion: "npm:^2.0.1"
  checksum: 10c0/85f407dcd38ac3e180f425e86553911d101455ca3ad5544d6a7cec16286657e4f8a9aa6695803025c55e31e35a91a2252b5dc8e7d527211278b8b65b4dbd5eac
  languageName: node
  linkType: hard

"mkdirp@npm:^3.0.1":
  version: 3.0.1
  resolution: "mkdirp@npm:3.0.1"
  bin:
    mkdirp: dist/cjs/src/bin.js
  checksum: 10c0/9f2b975e9246351f5e3a40dcfac99fcd0baa31fbfab615fe059fb11e51f10e4803c63de1f384c54d656e4db31d000e4767e9ef076a22e12a641357602e31d57d
  languageName: node
  linkType: hard

"ms@npm:2.1.2":
  version: 2.1.2
  resolution: "ms@npm:2.1.2"
  checksum: 10c0/a437714e2f90dbf881b5191d35a6db792efbca5badf112f87b9e1c712aace4b4b9b742dd6537f3edf90fd6f684de897cec230abde57e87883766712ddda297cc
  languageName: node
  linkType: hard

"node-int64@npm:^0.4.0":
  version: 0.4.0
  resolution: "node-int64@npm:0.4.0"
  checksum: 10c0/a6a4d8369e2f2720e9c645255ffde909c0fbd41c92ea92a5607fc17055955daac99c1ff589d421eee12a0d24e99f7bfc2aabfeb1a4c14742f6c099a51863f31a
  languageName: node
  linkType: hard

"nwsapi@npm:^2.2.7":
  version: 2.2.7
  resolution: "nwsapi@npm:2.2.7"
  checksum: 10c0/44be198adae99208487a1c886c0a3712264f7bbafa44368ad96c003512fed2753d4e22890ca1e6edb2690c3456a169f2a3c33bfacde1905cf3bf01c7722464db
  languageName: node
  linkType: hard

"parse5@npm:^7.0.0, parse5@npm:^7.1.2":
  version: 7.1.2
  resolution: "parse5@npm:7.1.2"
  dependencies:
    entities: "npm:^4.4.0"
  checksum: 10c0/297d7af8224f4b5cb7f6617ecdae98eeaed7f8cbd78956c42785e230505d5a4f07cef352af10d3006fa5c1544b76b57784d3a22d861ae071bbc460c649482bf4
  languageName: node
  linkType: hard

"path-browserify@npm:^1.0.1":
  version: 1.0.1
  resolution: "path-browserify@npm:1.0.1"
  checksum: 10c0/8b8c3fd5c66bd340272180590ae4ff139769e9ab79522e2eb82e3d571a89b8117c04147f65ad066dccfb42fcad902e5b7d794b3d35e0fd840491a8ddbedf8c66
  languageName: node
  linkType: hard

"picomatch@npm:^2.3.1":
  version: 2.3.1
  resolution: "picomatch@npm:2.3.1"
  checksum: 10c0/26c02b8d06f03206fc2ab8d16f19960f2ff9e81a658f831ecb656d8f17d9edc799e8364b1f4a7873e89d9702dff96204be0fa26fe4181f6843f040f819dac4be
  languageName: node
  linkType: hard

"psl@npm:^1.1.33":
  version: 1.9.0
  resolution: "psl@npm:1.9.0"
  checksum: 10c0/6a3f805fdab9442f44de4ba23880c4eba26b20c8e8e0830eff1cb31007f6825dace61d17203c58bfe36946842140c97a1ba7f67bc63ca2d88a7ee052b65d97ab
  languageName: node
  linkType: hard

"punycode@npm:^2.1.1, punycode@npm:^2.3.1":
  version: 2.3.1
  resolution: "punycode@npm:2.3.1"
  checksum: 10c0/14f76a8206bc3464f794fb2e3d3cc665ae416c01893ad7a02b23766eb07159144ee612ad67af5e84fa4479ccfe67678c4feb126b0485651b302babf66f04f9e9
  languageName: node
  linkType: hard

"querystringify@npm:^2.1.1":
  version: 2.2.0
  resolution: "querystringify@npm:2.2.0"
  checksum: 10c0/3258bc3dbdf322ff2663619afe5947c7926a6ef5fb78ad7d384602974c467fadfc8272af44f5eb8cddd0d011aae8fabf3a929a8eee4b86edcc0a21e6bd10f9aa
  languageName: node
  linkType: hard

"queue-microtask@npm:^1.2.2":
  version: 1.2.3
  resolution: "queue-microtask@npm:1.2.3"
  checksum: 10c0/900a93d3cdae3acd7d16f642c29a642aea32c2026446151f0778c62ac089d4b8e6c986811076e1ae180a694cedf077d453a11b58ff0a865629a4f82ab558e102
  languageName: node
  linkType: hard

"regenerator-runtime@npm:^0.14.0":
  version: 0.14.1
  resolution: "regenerator-runtime@npm:0.14.1"
  checksum: 10c0/1b16eb2c4bceb1665c89de70dcb64126a22bc8eb958feef3cd68fe11ac6d2a4899b5cd1b80b0774c7c03591dc57d16631a7f69d2daa2ec98100e2f29f7ec4cc4
  languageName: node
  linkType: hard

"require-directory@npm:^2.1.1":
  version: 2.1.1
  resolution: "require-directory@npm:2.1.1"
  checksum: 10c0/83aa76a7bc1531f68d92c75a2ca2f54f1b01463cb566cf3fbc787d0de8be30c9dbc211d1d46be3497dac5785fe296f2dd11d531945ac29730643357978966e99
  languageName: node
  linkType: hard

"requires-port@npm:^1.0.0":
  version: 1.0.0
  resolution: "requires-port@npm:1.0.0"
  checksum: 10c0/b2bfdd09db16c082c4326e573a82c0771daaf7b53b9ce8ad60ea46aa6e30aaf475fe9b164800b89f93b748d2c234d8abff945d2551ba47bf5698e04cd7713267
  languageName: node
  linkType: hard

"reusify@npm:^1.0.4":
  version: 1.0.4
  resolution: "reusify@npm:1.0.4"
  checksum: 10c0/c19ef26e4e188f408922c46f7ff480d38e8dfc55d448310dfb518736b23ed2c4f547fb64a6ed5bdba92cd7e7ddc889d36ff78f794816d5e71498d645ef476107
  languageName: node
  linkType: hard

"rrweb-cssom@npm:^0.6.0":
  version: 0.6.0
  resolution: "rrweb-cssom@npm:0.6.0"
  checksum: 10c0/3d9d90d53c2349ea9c8509c2690df5a4ef930c9cf8242aeb9425d4046f09d712bb01047e00da0e1c1dab5db35740b3d78fd45c3e7272f75d3724a563f27c30a3
  languageName: node
  linkType: hard

"run-parallel@npm:^1.1.9":
  version: 1.2.0
  resolution: "run-parallel@npm:1.2.0"
  dependencies:
    queue-microtask: "npm:^1.2.2"
  checksum: 10c0/200b5ab25b5b8b7113f9901bfe3afc347e19bb7475b267d55ad0eb86a62a46d77510cb0f232507c9e5d497ebda569a08a9867d0d14f57a82ad5564d991588b39
  languageName: node
  linkType: hard

"rxjs@npm:^7.8.1":
  version: 7.8.1
  resolution: "rxjs@npm:7.8.1"
  dependencies:
    tslib: "npm:^2.1.0"
  checksum: 10c0/3c49c1ecd66170b175c9cacf5cef67f8914dcbc7cd0162855538d365c83fea631167cacb644b3ce533b2ea0e9a4d0b12175186985f89d75abe73dbd8f7f06f68
  languageName: node
  linkType: hard

"safer-buffer@npm:>= 2.1.2 < 3.0.0":
  version: 2.1.2
  resolution: "safer-buffer@npm:2.1.2"
  checksum: 10c0/7e3c8b2e88a1841c9671094bbaeebd94448111dd90a81a1f606f3f67708a6ec57763b3b47f06da09fc6054193e0e6709e77325415dc8422b04497a8070fa02d4
  languageName: node
  linkType: hard

"saxes@npm:^6.0.0":
  version: 6.0.0
  resolution: "saxes@npm:6.0.0"
  dependencies:
    xmlchars: "npm:^2.2.0"
  checksum: 10c0/3847b839f060ef3476eb8623d099aa502ad658f5c40fd60c105ebce86d244389b0d76fcae30f4d0c728d7705ceb2f7e9b34bb54717b6a7dbedaf5dad2d9a4b74
  languageName: node
  linkType: hard

"shell-quote@npm:^1.8.1":
  version: 1.8.1
  resolution: "shell-quote@npm:1.8.1"
  checksum: 10c0/8cec6fd827bad74d0a49347057d40dfea1e01f12a6123bf82c4649f3ef152fc2bc6d6176e6376bffcd205d9d0ccb4f1f9acae889384d20baff92186f01ea455a
  languageName: node
  linkType: hard

"spawn-command@npm:0.0.2":
  version: 0.0.2
  resolution: "spawn-command@npm:0.0.2"
  checksum: 10c0/b22f2d71239e6e628a400831861ba747750bbb40c0a53323754cf7b84330b73d81e40ff1f9055e6d1971818679510208a9302e13d9ff3b32feb67e74d7a1b3ef
  languageName: node
  linkType: hard

"string-width@npm:^4.1.0, string-width@npm:^4.2.0, string-width@npm:^4.2.3":
  version: 4.2.3
  resolution: "string-width@npm:4.2.3"
  dependencies:
    emoji-regex: "npm:^8.0.0"
    is-fullwidth-code-point: "npm:^3.0.0"
    strip-ansi: "npm:^6.0.1"
  checksum: 10c0/1e525e92e5eae0afd7454086eed9c818ee84374bb80328fc41217ae72ff5f065ef1c9d7f72da41de40c75fa8bb3dee63d92373fd492c84260a552c636392a47b
  languageName: node
  linkType: hard

"strip-ansi@npm:^6.0.0, strip-ansi@npm:^6.0.1":
  version: 6.0.1
  resolution: "strip-ansi@npm:6.0.1"
  dependencies:
    ansi-regex: "npm:^5.0.1"
  checksum: 10c0/1ae5f212a126fe5b167707f716942490e3933085a5ff6c008ab97ab2f272c8025d3aa218b7bd6ab25729ca20cc81cddb252102f8751e13482a5199e873680952
  languageName: node
  linkType: hard

"supports-color@npm:^7.1.0":
  version: 7.2.0
  resolution: "supports-color@npm:7.2.0"
  dependencies:
    has-flag: "npm:^4.0.0"
  checksum: 10c0/afb4c88521b8b136b5f5f95160c98dee7243dc79d5432db7efc27efb219385bbc7d9427398e43dd6cc730a0f87d5085ce1652af7efbe391327bc0a7d0f7fc124
  languageName: node
  linkType: hard

"supports-color@npm:^8.1.1":
  version: 8.1.1
  resolution: "supports-color@npm:8.1.1"
  dependencies:
    has-flag: "npm:^4.0.0"
  checksum: 10c0/ea1d3c275dd604c974670f63943ed9bd83623edc102430c05adb8efc56ba492746b6e95386e7831b872ec3807fd89dd8eb43f735195f37b5ec343e4234cc7e89
  languageName: node
  linkType: hard

"symbol-tree@npm:^3.2.4":
  version: 3.2.4
  resolution: "symbol-tree@npm:3.2.4"
  checksum: 10c0/dfbe201ae09ac6053d163578778c53aa860a784147ecf95705de0cd23f42c851e1be7889241495e95c37cabb058edb1052f141387bef68f705afc8f9dd358509
  languageName: node
  linkType: hard

"to-regex-range@npm:^5.0.1":
  version: 5.0.1
  resolution: "to-regex-range@npm:5.0.1"
  dependencies:
    is-number: "npm:^7.0.0"
  checksum: 10c0/487988b0a19c654ff3e1961b87f471702e708fa8a8dd02a298ef16da7206692e8552a0250e8b3e8759270f62e9d8314616f6da274734d3b558b1fc7b7724e892
  languageName: node
  linkType: hard

"tough-cookie@npm:^4.1.3":
  version: 4.1.3
  resolution: "tough-cookie@npm:4.1.3"
  dependencies:
    psl: "npm:^1.1.33"
    punycode: "npm:^2.1.1"
    universalify: "npm:^0.2.0"
    url-parse: "npm:^1.5.3"
  checksum: 10c0/4fc0433a0cba370d57c4b240f30440c848906dee3180bb6e85033143c2726d322e7e4614abb51d42d111ebec119c4876ed8d7247d4113563033eebbc1739c831
  languageName: node
  linkType: hard

"tr46@npm:^5.0.0":
  version: 5.0.0
  resolution: "tr46@npm:5.0.0"
  dependencies:
    punycode: "npm:^2.3.1"
  checksum: 10c0/1521b6e7bbc8adc825c4561480f9fe48eb2276c81335eed9fa610aa4c44a48a3221f78b10e5f18b875769eb3413e30efbf209ed556a17a42aa8d690df44b7bee
  languageName: node
  linkType: hard

"tree-kill@npm:^1.2.2":
  version: 1.2.2
  resolution: "tree-kill@npm:1.2.2"
  bin:
    tree-kill: cli.js
  checksum: 10c0/7b1b7c7f17608a8f8d20a162e7957ac1ef6cd1636db1aba92f4e072dc31818c2ff0efac1e3d91064ede67ed5dc57c565420531a8134090a12ac10cf792ab14d2
  languageName: node
  linkType: hard

"ts-morph@npm:^21.0.1":
  version: 21.0.1
  resolution: "ts-morph@npm:21.0.1"
  dependencies:
    "@ts-morph/common": "npm:~0.22.0"
    code-block-writer: "npm:^12.0.0"
  checksum: 10c0/ed1d4ccdeba2300cfa236f2aaf64bb462aa386141e659a08d8a2eb96d3b4b274abc9d97b8dd06a0c13af79187b197f38f6a8baca709f99d11094a82c8abccf27
  languageName: node
  linkType: hard

"tslib@npm:^2.1.0":
  version: 2.6.2
  resolution: "tslib@npm:2.6.2"
  checksum: 10c0/e03a8a4271152c8b26604ed45535954c0a45296e32445b4b87f8a5abdb2421f40b59b4ca437c4346af0f28179780d604094eb64546bee2019d903d01c6c19bdb
  languageName: node
  linkType: hard

"typescript@npm:^5.3.3":
  version: 5.3.3
  resolution: "typescript@npm:5.3.3"
  bin:
    tsc: bin/tsc
    tsserver: bin/tsserver
  checksum: 10c0/e33cef99d82573624fc0f854a2980322714986bc35b9cb4d1ce736ed182aeab78e2cb32b385efa493b2a976ef52c53e20d6c6918312353a91850e2b76f1ea44f
  languageName: node
  linkType: hard

"typescript@patch:typescript@npm%3A^5.3.3#optional!builtin<compat/typescript>":
  version: 5.3.3
  resolution: "typescript@patch:typescript@npm%3A5.3.3#optional!builtin<compat/typescript>::version=5.3.3&hash=e012d7"
  bin:
    tsc: bin/tsc
    tsserver: bin/tsserver
  checksum: 10c0/1d0a5f4ce496c42caa9a30e659c467c5686eae15d54b027ee7866744952547f1be1262f2d40de911618c242b510029d51d43ff605dba8fb740ec85ca2d3f9500
  languageName: node
  linkType: hard

"undici-types@npm:~5.26.4":
  version: 5.26.5
  resolution: "undici-types@npm:5.26.5"
  checksum: 10c0/bb673d7876c2d411b6eb6c560e0c571eef4a01c1c19925175d16e3a30c4c428181fb8d7ae802a261f283e4166a0ac435e2f505743aa9e45d893f9a3df017b501
  languageName: node
  linkType: hard

"universalify@npm:^0.2.0":
  version: 0.2.0
  resolution: "universalify@npm:0.2.0"
  checksum: 10c0/cedbe4d4ca3967edf24c0800cfc161c5a15e240dac28e3ce575c689abc11f2c81ccc6532c8752af3b40f9120fb5e454abecd359e164f4f6aa44c29cd37e194fe
  languageName: node
  linkType: hard

"url-parse@npm:^1.5.3":
  version: 1.5.10
  resolution: "url-parse@npm:1.5.10"
  dependencies:
    querystringify: "npm:^2.1.1"
    requires-port: "npm:^1.0.0"
  checksum: 10c0/bd5aa9389f896974beb851c112f63b466505a04b4807cea2e5a3b7092f6fbb75316f0491ea84e44f66fed55f1b440df5195d7e3a8203f64fcefa19d182f5be87
  languageName: node
  linkType: hard

"w3c-xmlserializer@npm:^5.0.0":
  version: 5.0.0
  resolution: "w3c-xmlserializer@npm:5.0.0"
  dependencies:
    xml-name-validator: "npm:^5.0.0"
  checksum: 10c0/8712774c1aeb62dec22928bf1cdfd11426c2c9383a1a63f2bcae18db87ca574165a0fbe96b312b73652149167ac6c7f4cf5409f2eb101d9c805efe0e4bae798b
  languageName: node
  linkType: hard

"webidl-conversions@npm:^7.0.0":
  version: 7.0.0
  resolution: "webidl-conversions@npm:7.0.0"
  checksum: 10c0/228d8cb6d270c23b0720cb2d95c579202db3aaf8f633b4e9dd94ec2000a04e7e6e43b76a94509cdb30479bd00ae253ab2371a2da9f81446cc313f89a4213a2c4
  languageName: node
  linkType: hard

"whatwg-encoding@npm:^3.1.1":
  version: 3.1.1
  resolution: "whatwg-encoding@npm:3.1.1"
  dependencies:
    iconv-lite: "npm:0.6.3"
  checksum: 10c0/273b5f441c2f7fda3368a496c3009edbaa5e43b71b09728f90425e7f487e5cef9eb2b846a31bd760dd8077739c26faf6b5ca43a5f24033172b003b72cf61a93e
  languageName: node
  linkType: hard

"whatwg-mimetype@npm:^4.0.0":
  version: 4.0.0
  resolution: "whatwg-mimetype@npm:4.0.0"
  checksum: 10c0/a773cdc8126b514d790bdae7052e8bf242970cebd84af62fb2f35a33411e78e981f6c0ab9ed1fe6ec5071b09d5340ac9178e05b52d35a9c4bcf558ba1b1551df
  languageName: node
  linkType: hard

"whatwg-url@npm:^14.0.0":
  version: 14.0.0
  resolution: "whatwg-url@npm:14.0.0"
  dependencies:
    tr46: "npm:^5.0.0"
    webidl-conversions: "npm:^7.0.0"
  checksum: 10c0/ac32e9ba9d08744605519bbe9e1371174d36229689ecc099157b6ba102d4251a95e81d81f3d80271eb8da182eccfa65653f07f0ab43ea66a6934e643fd091ba9
  languageName: node
  linkType: hard

"wrap-ansi@npm:^7.0.0":
  version: 7.0.0
  resolution: "wrap-ansi@npm:7.0.0"
  dependencies:
    ansi-styles: "npm:^4.0.0"
    string-width: "npm:^4.1.0"
    strip-ansi: "npm:^6.0.0"
  checksum: 10c0/d15fc12c11e4cbc4044a552129ebc75ee3f57aa9c1958373a4db0292d72282f54373b536103987a4a7594db1ef6a4f10acf92978f79b98c49306a4b58c77d4da
  languageName: node
  linkType: hard

"ws@npm:^8.16.0":
  version: 8.16.0
  resolution: "ws@npm:8.16.0"
  peerDependencies:
    bufferutil: ^4.0.1
    utf-8-validate: ">=5.0.2"
  peerDependenciesMeta:
    bufferutil:
      optional: true
    utf-8-validate:
      optional: true
  checksum: 10c0/a7783bb421c648b1e622b423409cb2a58ac5839521d2f689e84bc9dc41d59379c692dd405b15a997ea1d4c0c2e5314ad707332d0c558f15232d2bc07c0b4618a
  languageName: node
  linkType: hard

"xml-name-validator@npm:^5.0.0":
  version: 5.0.0
  resolution: "xml-name-validator@npm:5.0.0"
  checksum: 10c0/3fcf44e7b73fb18be917fdd4ccffff3639373c7cb83f8fc35df6001fecba7942f1dbead29d91ebb8315e2f2ff786b508f0c9dc0215b6353f9983c6b7d62cb1f5
  languageName: node
  linkType: hard

"xmlchars@npm:^2.2.0":
  version: 2.2.0
  resolution: "xmlchars@npm:2.2.0"
  checksum: 10c0/b64b535861a6f310c5d9bfa10834cf49127c71922c297da9d4d1b45eeaae40bf9b4363275876088fbe2667e5db028d2cd4f8ee72eed9bede840a67d57dab7593
  languageName: node
  linkType: hard

"y18n@npm:^5.0.5":
  version: 5.0.8
  resolution: "y18n@npm:5.0.8"
  checksum: 10c0/4df2842c36e468590c3691c894bc9cdbac41f520566e76e24f59401ba7d8b4811eb1e34524d57e54bc6d864bcb66baab7ffd9ca42bf1eda596618f9162b91249
  languageName: node
  linkType: hard

"yargs-parser@npm:^21.1.1":
  version: 21.1.1
  resolution: "yargs-parser@npm:21.1.1"
  checksum: 10c0/f84b5e48169479d2f402239c59f084cfd1c3acc197a05c59b98bab067452e6b3ea46d4dd8ba2985ba7b3d32a343d77df0debd6b343e5dae3da2aab2cdf5886b2
  languageName: node
  linkType: hard

"yargs@npm:^17.7.2":
  version: 17.7.2
  resolution: "yargs@npm:17.7.2"
  dependencies:
    cliui: "npm:^8.0.1"
    escalade: "npm:^3.1.1"
    get-caller-file: "npm:^2.0.5"
    require-directory: "npm:^2.1.1"
    string-width: "npm:^4.2.3"
    y18n: "npm:^5.0.5"
    yargs-parser: "npm:^21.1.1"
  checksum: 10c0/ccd7e723e61ad5965fffbb791366db689572b80cca80e0f96aad968dfff4156cd7cd1ad18607afe1046d8241e6fb2d6c08bf7fa7bfb5eaec818735d8feac8f05
  languageName: node
  linkType: hard
